NeoBundleLock Align b9bb33e25f109565e342276c78a1401f5639a392
NeoBundleLock Calendar.vim 4149b7bdbe159d9a7670fea9238fe3acac618d67
NeoBundleLock accelerated-jk 43bfa97e35e39d9e7fa88a20b090d8f8db3504c2
NeoBundleLock ag.vim f05f31352689be245611c893b37652110f27a2c5
NeoBundleLock ctrlp.vim b9bb33e25f109565e342276c78a1401f5639a392
NeoBundleLock dwm.vim 6149e58fdd81f69e4e6a3f239842f3dc23e4872b
NeoBundleLock echodoc ef0a0cbe6c4cdb60eb2a1cbcee5bde11ce2c6dce
NeoBundleLock emmet-vim 1c46c5fb775606621906f0bedc8da8bc636c1dac
NeoBundleLock errormarker.vim b9bb33e25f109565e342276c78a1401f5639a392
NeoBundleLock html5.vim 9bfa00bdb3fdca07c490b527e5e6ec6c4b017d3b
NeoBundleLock neobundle.vim fd15e35a7a7c4e84ae62981cfa529ae7cc382330
NeoBundleLock neocomplcache 778181767467b8f8016828898779a646074d883a
NeoBundleLock neomru.vim b9bb33e25f109565e342276c78a1401f5639a392
NeoBundleLock neosnippet b9bb33e25f109565e342276c78a1401f5639a392
NeoBundleLock nerdtree b9bb33e25f109565e342276c78a1401f5639a392
NeoBundleLock perldoc-vim 3cdeb2f18bdc28ad7704dae9d3175efccdfbd026
NeoBundleLock perlomni.vim 60b39ac6cd59ff14022fc024f1f0a7121a93c952
NeoBundleLock perlvalidate-vim ab65039f9f96eff089ec3d035e5c60dc2f8408cd
NeoBundleLock php.vim b9bb33e25f109565e342276c78a1401f5639a392
NeoBundleLock syntastic a8771fe6b71a526d31a51f95c181e2ed7fdc1508
NeoBundleLock unite-git f7c199e02f18b1d7befdfc110b2aae1caf0b7b4d
NeoBundleLock unite-git-conflict.vim 63bf4d7d84780a25ff1e06b1df7dfce454083a61
NeoBundleLock unite-outline f03cfe49dd92af8d416a04707cc30d1529bdf3ac
NeoBundleLock unite-ssh 9b8d0cbebdededd0c3a58580b917054efc3e5442
NeoBundleLock unite-todo 60a5c27a474b3aaa4bef2222e541543c1e65de4b
NeoBundleLock unite-zf 941d5e8b8cf0327d54b02238a5e63dd3c5e608cf
NeoBundleLock unite.vim b9bb33e25f109565e342276c78a1401f5639a392
NeoBundleLock vim-alignta cb3d593c48d7d3aef829b5aff49ddade24417a9f
NeoBundleLock vim-coffee-script 32fe889b8cafd3a4921ef8e6485156453ff58c42
NeoBundleLock vim-css3-syntax 8feb345b5ce73a6f053609bdaa6de0e53c21bfbd
NeoBundleLock vim-gocode b9604176dc910ec6e32301eb9cdd431a9c9887a4
NeoBundleLock vim-golang e6d0c6a72a66af2674b96233c4747661e0f47a8c
NeoBundleLock vim-over 1e5062d28e74fbb2c1a930706ac634be7ac9b70a
NeoBundleLock vim-perl 4e75c3e3766da7294061f9bef6949e89087f821f
NeoBundleLock vim-ref-ri e3a2dbb71af73bf15c9c2134cc3630edc60331eb
NeoBundleLock vim-smartinput-endwise a5625d9aa971f8236ffadb398679f56f00b0b57f
NeoBundleLock vim-snippets 1327c1ba54c8c367995b536b8cb7d8e7cc7c4c03
NeoBundleLock vim-unite-ack 39827b7b37e7a6f4ff12b6bdf75d6ef0a8284437
NeoBundleLock vim-vcs d46b5886263b3cd91c6269c8191a102e9a35e4a0
NeoBundleLock vimproc ba4a7139fc8d0247badf0617f11ae1f06a7a6910
NeoBundleLock vimshell 4939e10609c434becf6423b2f3876bb9c2be3464
NeoBundleLock vinarise 45a18a2a242e930bd44d8b523ed67ded8fc740fb
NeoBundleLock webapi-vim a7789abffe936db56e3152e23733847f94755753
NeoBundleLock yankround.vim b9bb33e25f109565e342276c78a1401f5639a392
